
Microsoft Visual Studio Solution File, Format Version 12.00
# Visual Studio 15
VisualStudioVersion = 15.0.28307.168
MinimumVisualStudioVersion = 10.0.40219.1
Project("{FAE04EC0-301F-11D3-BF4B-00C04F79EFBC}") = "AppForm", "AppForm\AppForm.csproj", "{F46155A7-DE63-429A-8C96-B99F74247960}"
EndProject
Global
	GlobalSection(SolutionConfigurationPlatforms) = preSolution
		Debug|Any CPU = Debug|Any CPU
		Release|Any CPU = Release|Any CPU
	EndGlobalSection
	GlobalSection(ProjectConfigurationPlatforms) = postSolution
		{F46155A7-DE63-429A-8C96-B99F74247960}.Debug|Any CPU.ActiveCfg = Debug|Any CPU
		{F46155A7-DE63-429A-8C96-B99F74247960}.Debug|Any CPU.Build.0 = Debug|Any CPU
		{F46155A7-DE63-429A-8C96-B99F74247960}.Release|Any CPU.ActiveCfg = Release|Any CPU
		{F46155A7-DE63-429A-8C96-B99F74247960}.Release|Any CPU.Build.0 = Release|Any CPU
	EndGlobalSection
	GlobalSection(SolutionProperties) = preSolution
		HideSolutionNode = FALSE
	EndGlobalSection
	GlobalSection(ExtensibilityGlobals) = postSolution
		SolutionGuid = {72770CA3-7D09-435A-AB5A-F078D5E3AA09}
	EndGlobalSection
EndGlobal
